
Microsoft Visual Studio Solution File, Format Version 12.00
# Visual Studio Version 17
VisualStudioVersion = 17.11.35327.3
MinimumVisualStudioVersion = 10.0.40219.1
Project("{FAE04EC0-301F-11D3-BF4B-00C04F79EFBC}") = "summative 3", "summative 3\summative 3.csproj", "{D43E8DAA-280D-43B0-B334-D88C56D16F8C}"
EndProject
Global
	GlobalSection(SolutionConfigurationPlatforms) = preSolution
		Debug|Any CPU = Debug|Any CPU
		Release|Any CPU = Release|Any CPU
	EndGlobalSection
	GlobalSection(ProjectConfigurationPlatforms) = postSolution
		{D43E8DAA-280D-43B0-B334-D88C56D16F8C}.Debug|Any CPU.ActiveCfg = Debug|Any CPU
		{D43E8DAA-280D-43B0-B334-D88C56D16F8C}.Debug|Any CPU.Build.0 = Debug|Any CPU
		{D43E8DAA-280D-43B0-B334-D88C56D16F8C}.Release|Any CPU.ActiveCfg = Release|Any CPU
		{D43E8DAA-280D-43B0-B334-D88C56D16F8C}.Release|Any CPU.Build.0 = Release|Any CPU
	EndGlobalSection
	GlobalSection(SolutionProperties) = preSolution
		HideSolutionNode = FALSE
	EndGlobalSection
	GlobalSection(ExtensibilityGlobals) = postSolution
		SolutionGuid = {1A3A953C-F1A8-4A05-A195-9B27FD8C5B33}
	EndGlobalSection
EndGlobal
